
Microsoft Visual Studio Solution File, Format Version 12.00
Project("{FAE04EC0-301F-11D3-BF4B-00C04F79EFBC}") = "Opgave01", "Lektion01\Opgave01\Opgave01.csproj", "{D57A9130-1C39-46BD-BA55-2988E4D76B56}"
EndProject
Project("{2150E333-8FDC-42A3-9474-1A3956D46DE8}") = "Lektion01", "Lektion01", "{D6114DE5-9F91-4DBA-9A2B-A15D5BEA042E}"
	ProjectSection(SolutionItems) = preProject
		Lektion01\opgaver.md = Lektion01\opgaver.md
	EndProjectSection
EndProject
Project("{2150E333-8FDC-42A3-9474-1A3956D46DE8}") = "Slides", "Slides", "{944F8351-978C-45D7-B330-83C3835455E4}"
	ProjectSection(SolutionItems) = preProject
		Lektion01\Slides\EcoSystem.md = Lektion01\Slides\EcoSystem.md
		Lektion01\Slides\Properties.md = Lektion01\Slides\Properties.md
		Lektion01\Slides\Records.md = Lektion01\Slides\Records.md
	EndProjectSection
EndProject
Project("{FAE04EC0-301F-11D3-BF4B-00C04F79EFBC}") = "Opgave02", "Lektion01\Opgave02\Opgave02.csproj", "{444CFE99-39E7-427F-8371-DDA038075B95}"
EndProject
Project("{FAE04EC0-301F-11D3-BF4B-00C04F79EFBC}") = "ConsoleApp1", "Lektion01\Slides\ConsoleApp1\ConsoleApp1.csproj", "{7C16C824-5085-490D-9CCD-2E96776221EA}"
EndProject
Project("{FAE04EC0-301F-11D3-BF4B-00C04F79EFBC}") = "Opgave03", "Lektion01\Opgave03\Opgave03.csproj", "{42761623-876D-4036-8DD4-70944CF6CD95}"
EndProject
Global
	GlobalSection(SolutionConfigurationPlatforms) = preSolution
		Debug|Any CPU = Debug|Any CPU
		Release|Any CPU = Release|Any CPU
	EndGlobalSection
	GlobalSection(ProjectConfigurationPlatforms) = postSolution
		{D57A9130-1C39-46BD-BA55-2988E4D76B56}.Debug|Any CPU.ActiveCfg = Debug|Any CPU
		{D57A9130-1C39-46BD-BA55-2988E4D76B56}.Debug|Any CPU.Build.0 = Debug|Any CPU
		{D57A9130-1C39-46BD-BA55-2988E4D76B56}.Release|Any CPU.ActiveCfg = Release|Any CPU
		{D57A9130-1C39-46BD-BA55-2988E4D76B56}.Release|Any CPU.Build.0 = Release|Any CPU
		{444CFE99-39E7-427F-8371-DDA038075B95}.Debug|Any CPU.ActiveCfg = Debug|Any CPU
		{444CFE99-39E7-427F-8371-DDA038075B95}.Debug|Any CPU.Build.0 = Debug|Any CPU
		{444CFE99-39E7-427F-8371-DDA038075B95}.Release|Any CPU.ActiveCfg = Release|Any CPU
		{444CFE99-39E7-427F-8371-DDA038075B95}.Release|Any CPU.Build.0 = Release|Any CPU
		{7C16C824-5085-490D-9CCD-2E96776221EA}.Debug|Any CPU.ActiveCfg = Debug|Any CPU
		{7C16C824-5085-490D-9CCD-2E96776221EA}.Debug|Any CPU.Build.0 = Debug|Any CPU
		{7C16C824-5085-490D-9CCD-2E96776221EA}.Release|Any CPU.ActiveCfg = Release|Any CPU
		{7C16C824-5085-490D-9CCD-2E96776221EA}.Release|Any CPU.Build.0 = Release|Any CPU
		{42761623-876D-4036-8DD4-70944CF6CD95}.Debug|Any CPU.ActiveCfg = Debug|Any CPU
		{42761623-876D-4036-8DD4-70944CF6CD95}.Debug|Any CPU.Build.0 = Debug|Any CPU
		{42761623-876D-4036-8DD4-70944CF6CD95}.Release|Any CPU.ActiveCfg = Release|Any CPU
		{42761623-876D-4036-8DD4-70944CF6CD95}.Release|Any CPU.Build.0 = Release|Any CPU
	EndGlobalSection
	GlobalSection(NestedProjects) = preSolution
		{D57A9130-1C39-46BD-BA55-2988E4D76B56} = {D6114DE5-9F91-4DBA-9A2B-A15D5BEA042E}
		{944F8351-978C-45D7-B330-83C3835455E4} = {D6114DE5-9F91-4DBA-9A2B-A15D5BEA042E}
		{444CFE99-39E7-427F-8371-DDA038075B95} = {D6114DE5-9F91-4DBA-9A2B-A15D5BEA042E}
		{7C16C824-5085-490D-9CCD-2E96776221EA} = {944F8351-978C-45D7-B330-83C3835455E4}
		{42761623-876D-4036-8DD4-70944CF6CD95} = {D6114DE5-9F91-4DBA-9A2B-A15D5BEA042E}
	EndGlobalSection
EndGlobal
